
Microsoft Visual Studio Solution File, Format Version 12.00
# Visual Studio Version 17
VisualStudioVersion = 17.2.32630.192
MinimumVisualStudioVersion = 10.0.40219.1
Project("{9A19103F-16F7-4668-BE54-9A1E7A4F7556}") = "F10Y.NG0001.Construction", "F10Y.NG0001.Construction\F10Y.NG0001.Construction.csproj", "{E9A3D620-B051-46CD-8BEF-FB1FD7ABAB2C}"
EndProject
Project("{9A19103F-16F7-4668-BE54-9A1E7A4F7556}") = "F10Y.NG0001", "F10Y.NG0001\F10Y.NG0001.csproj", "{8BC648FB-6A22-4293-A2B3-94D76280BA91}"
EndProject
Global
	GlobalSection(SolutionConfigurationPlatforms) = preSolution
		Debug|Any CPU = Debug|Any CPU
		Release|Any CPU = Release|Any CPU
	EndGlobalSection
	GlobalSection(ProjectConfigurationPlatforms) = postSolution
		{E9A3D620-B051-46CD-8BEF-FB1FD7ABAB2C}.Debug|Any CPU.ActiveCfg = Debug|Any CPU
		{E9A3D620-B051-46CD-8BEF-FB1FD7ABAB2C}.Debug|Any CPU.Build.0 = Debug|Any CPU
		{E9A3D620-B051-46CD-8BEF-FB1FD7ABAB2C}.Release|Any CPU.ActiveCfg = Release|Any CPU
		{E9A3D620-B051-46CD-8BEF-FB1FD7ABAB2C}.Release|Any CPU.Build.0 = Release|Any CPU
		{8BC648FB-6A22-4293-A2B3-94D76280BA91}.Debug|Any CPU.ActiveCfg = Debug|Any CPU
		{8BC648FB-6A22-4293-A2B3-94D76280BA91}.Debug|Any CPU.Build.0 = Debug|Any CPU
		{8BC648FB-6A22-4293-A2B3-94D76280BA91}.Release|Any CPU.ActiveCfg = Release|Any CPU
		{8BC648FB-6A22-4293-A2B3-94D76280BA91}.Release|Any CPU.Build.0 = Release|Any CPU
	EndGlobalSection
	GlobalSection(SolutionProperties) = preSolution
		HideSolutionNode = FALSE
	EndGlobalSection
	GlobalSection(ExtensibilityGlobals) = postSolution
		SolutionGuid = {F16670C6-CA0B-475A-9AB5-176BCD21347E}
	EndGlobalSection
EndGlobal
